
Microsoft Visual Studio Solution File, Format Version 12.00
Project("{FAE04EC0-301F-11D3-BF4B-00C04F79EFBC}") = "PredictionEnginePoolExample", "PredictionEnginePoolExample\PredictionEnginePoolExample.csproj", "{E8DC04FE-BEB7-4C77-81AC-3BD5F73EC4F2}"
EndProject
Project("{FAE04EC0-301F-11D3-BF4B-00C04F79EFBC}") = "SampleClassification.Model", "SampleClassification.Model\SampleClassification.Model.csproj", "{6F25246C-8D60-4EC6-84B6-3128666C8D44}"
EndProject
Global
	GlobalSection(SolutionConfigurationPlatforms) = preSolution
		Debug|Any CPU = Debug|Any CPU
		Release|Any CPU = Release|Any CPU
	EndGlobalSection
	GlobalSection(ProjectConfigurationPlatforms) = postSolution
		{E8DC04FE-BEB7-4C77-81AC-3BD5F73EC4F2}.Debug|Any CPU.ActiveCfg = Debug|Any CPU
		{E8DC04FE-BEB7-4C77-81AC-3BD5F73EC4F2}.Debug|Any CPU.Build.0 = Debug|Any CPU
		{E8DC04FE-BEB7-4C77-81AC-3BD5F73EC4F2}.Release|Any CPU.ActiveCfg = Release|Any CPU
		{E8DC04FE-BEB7-4C77-81AC-3BD5F73EC4F2}.Release|Any CPU.Build.0 = Release|Any CPU
		{6F25246C-8D60-4EC6-84B6-3128666C8D44}.Debug|Any CPU.ActiveCfg = Debug|Any CPU
		{6F25246C-8D60-4EC6-84B6-3128666C8D44}.Debug|Any CPU.Build.0 = Debug|Any CPU
		{6F25246C-8D60-4EC6-84B6-3128666C8D44}.Release|Any CPU.ActiveCfg = Release|Any CPU
		{6F25246C-8D60-4EC6-84B6-3128666C8D44}.Release|Any CPU.Build.0 = Release|Any CPU
	EndGlobalSection
EndGlobal
